<?xml version="1.0" encoding="utf-8"?>
<Project ToolsVersion="4.0" xmlns="http://schemas.microsoft.com/developer/msbuild/2003">
  <ItemGroup>
    <Filter Include="Aurora">
      <UniqueIdentifier>{0FF303A8-FB94-2E7E-E44F-42D2D090B5CE}</UniqueIdentifier>
    </Filter>
    <Filter Include="Aurora\Core">
      <UniqueIdentifier>{C758EA1D-330E-6313-BC02-5DEA28B75917}</UniqueIdentifier>
    </Filter>
    <Filter Include="Aurora\Events">
      <UniqueIdentifier>{13B80547-7F78-817D-48B3-CAFAB432C659}</UniqueIdentifier>
    </Filter>
    <Filter Include="Aurora\Imgui">
      <UniqueIdentifier>{99BFA0DB-8522-3080-2EA8-68361AEAFB02}</UniqueIdentifier>
    </Filter>
    <Filter Include="Platform">
      <UniqueIdentifier>{2AC788B4-1694-E3BF-3FAD-D1672BD9184E}</UniqueIdentifier>
    </Filter>
    <Filter Include="Platform\DirectX">
      <UniqueIdentifier>{EC338E64-D82C-ADB6-015F-923BEDB68CC2}</UniqueIdentifier>
    </Filter>
    <Filter Include="Platform\Windows">
      <UniqueIdentifier>{64FBD71A-50F4-F66C-7926-DCF1657ED678}</UniqueIdentifier>
    </Filter>
  </ItemGroup>
  <ItemGroup>
    <ClInclude Include="src\Aurora.h" />
    <ClInclude Include="src\Aurora\Application.h">
      <Filter>Aurora</Filter>
    </ClInclude>
    <ClInclude Include="src\Aurora\Core.h">
      <Filter>Aurora</Filter>
    </ClInclude>
    <ClInclude Include="src\Aurora\Core\AuTimer.h">
      <Filter>Aurora\Core</Filter>
    </ClInclude>
    <ClInclude Include="src\Aurora\EntryPoint.h">
      <Filter>Aurora</Filter>
    </ClInclude>
    <ClInclude Include="src\Aurora\Events\ApplicationEvents.h">
      <Filter>Aurora\Events</Filter>
    </ClInclude>
    <ClInclude Include="src\Aurora\Events\Events.h">
      <Filter>Aurora\Events</Filter>
    </ClInclude>
    <ClInclude Include="src\Aurora\Events\KeyboardEvents.h">
      <Filter>Aurora\Events</Filter>
    </ClInclude>
    <ClInclude Include="src\Aurora\Events\MouseEvents.h">
      <Filter>Aurora\Events</Filter>
    </ClInclude>
    <ClInclude Include="src\Aurora\Imgui\ImguiLayer.h">
      <Filter>Aurora\Imgui</Filter>
    </ClInclude>
    <ClInclude Include="src\Aurora\Layer.h">
      <Filter>Aurora</Filter>
    </ClInclude>
    <ClInclude Include="src\Aurora\LayerStack.h">
      <Filter>Aurora</Filter>
    </ClInclude>
    <ClInclude Include="src\Aurora\Log.h">
      <Filter>Aurora</Filter>
    </ClInclude>
    <ClInclude Include="src\Aurora\Window.h">
      <Filter>Aurora</Filter>
    </ClInclude>
    <ClInclude Include="src\Platform\DirectX\imgui_impl_dx11.h">
      <Filter>Platform\DirectX</Filter>
    </ClInclude>
    <ClInclude Include="src\Platform\Windows\AuroraException.h">
      <Filter>Platform\Windows</Filter>
    </ClInclude>
    <ClInclude Include="src\Platform\Windows\AuroraWin.h">
      <Filter>Platform\Windows</Filter>
    </ClInclude>
    <ClInclude Include="src\Platform\Windows\DxgiInfoManager.h">
      <Filter>Platform\Windows</Filter>
    </ClInclude>
    <ClInclude Include="src\Platform\Windows\Graphics.h">
      <Filter>Platform\Windows</Filter>
    </ClInclude>
    <ClInclude Include="src\Platform\Windows\GraphicsThrowMacros.h">
      <Filter>Platform\Windows</Filter>
    </ClInclude>
    <ClInclude Include="src\Platform\Windows\Keyboard.h">
      <Filter>Platform\Windows</Filter>
    </ClInclude>
    <ClInclude Include="src\Platform\Windows\Mouse.h">
      <Filter>Platform\Windows</Filter>
    </ClInclude>
    <ClInclude Include="src\Platform\Windows\Win32_Window.h">
      <Filter>Platform\Windows</Filter>
    </ClInclude>
    <ClInclude Include="src\Platform\Windows\WindowsThrowMacros.h">
      <Filter>Platform\Windows</Filter>
    </ClInclude>
    <ClInclude Include="src\Platform\Windows\WindowsWindow.h">
      <Filter>Platform\Windows</Filter>
    </ClInclude>
    <ClInclude Include="src\Platform\Windows\dxerr.h">
      <Filter>Platform\Windows</Filter>
    </ClInclude>
    <ClInclude Include="src\pch.h" />
  </ItemGroup>
  <ItemGroup>
    <ClCompile Include="src\Aurora\Application.cpp">
      <Filter>Aurora</Filter>
    </ClCompile>
    <ClCompile Include="src\Aurora\Core\AuTimer.cpp">
      <Filter>Aurora\Core</Filter>
    </ClCompile>
    <ClCompile Include="src\Aurora\Imgui\ImguiLayer.cpp">
      <Filter>Aurora\Imgui</Filter>
    </ClCompile>
    <ClCompile Include="src\Aurora\Layer.cpp">
      <Filter>Aurora</Filter>
    </ClCompile>
    <ClCompile Include="src\Aurora\LayerStack.cpp">
      <Filter>Aurora</Filter>
    </ClCompile>
    <ClCompile Include="src\Aurora\Log.cpp">
      <Filter>Aurora</Filter>
    </ClCompile>
    <ClCompile Include="src\Platform\DirectX\imgui_impl_dx11.cpp">
      <Filter>Platform\DirectX</Filter>
    </ClCompile>
    <ClCompile Include="src\Platform\Windows\AuroraException.cpp">
      <Filter>Platform\Windows</Filter>
    </ClCompile>
    <ClCompile Include="src\Platform\Windows\DxgiInfoManager.cpp">
      <Filter>Platform\Windows</Filter>
    </ClCompile>
    <ClCompile Include="src\Platform\Windows\Graphics.cpp">
      <Filter>Platform\Windows</Filter>
    </ClCompile>
    <ClCompile Include="src\Platform\Windows\Keyboard.cpp">
      <Filter>Platform\Windows</Filter>
    </ClCompile>
    <ClCompile Include="src\Platform\Windows\Mouse.cpp">
      <Filter>Platform\Windows</Filter>
    </ClCompile>
    <ClCompile Include="src\Platform\Windows\Win32_Window.cpp">
      <Filter>Platform\Windows</Filter>
    </ClCompile>
    <ClCompile Include="src\Platform\Windows\WindowsWindow.cpp">
      <Filter>Platform\Windows</Filter>
    </ClCompile>
    <ClCompile Include="src\Platform\Windows\dxerr.cpp">
      <Filter>Platform\Windows</Filter>
    </ClCompile>
    <ClCompile Include="src\pch.cpp" />
  </ItemGroup>
</Project>