<?xml version="1.0" encoding="utf-8"?>
<Project ToolsVersion="4.0" xmlns="http://schemas.microsoft.com/developer/msbuild/2003">
  <ItemGroup>
    <Filter Include="Aurora">
      <UniqueIdentifier>{0FF303A8-FB94-2E7E-E44F-42D2D090B5CE}</UniqueIdentifier>
    </Filter>
    <Filter Include="Aurora\Core">
      <UniqueIdentifier>{C758EA1D-330E-6313-BC02-5DEA28B75917}</UniqueIdentifier>
    </Filter>
    <Filter Include="Aurora\Events">
      <UniqueIdentifier>{13B80547-7F78-817D-48B3-CAFAB432C659}</UniqueIdentifier>
    </Filter>
    <Filter Include="Aurora\Imgui">
      <UniqueIdentifier>{99BFA0DB-8522-3080-2EA8-68361AEAFB02}</UniqueIdentifier>
    </Filter>
    <Filter Include="Aurora\Renderer">
      <UniqueIdentifier>{95174F16-01A3-BCDA-0AB4-3FCF76BE18DB}</UniqueIdentifier>
    </Filter>
    <Filter Include="Aurora\Renderer\Drawables">
      <UniqueIdentifier>{399216A4-A554-4A2E-EE04-D9BA5A06230C}</UniqueIdentifier>
    </Filter>
    <Filter Include="Aurora\Renderer\Geometry">
      <UniqueIdentifier>{909C0E3F-7CC1-5DBF-A50C-434F91905CDD}</UniqueIdentifier>
    </Filter>
    <Filter Include="Aurora\Utils">
      <UniqueIdentifier>{AFC37DDC-9B26-0D81-44AC-453730EED803}</UniqueIdentifier>
    </Filter>
    <Filter Include="Aurora\shaders">
      <UniqueIdentifier>{084FBDDB-F41C-B1E1-DDB0-2108C91D8D46}</UniqueIdentifier>
    </Filter>
    <Filter Include="Platform">
      <UniqueIdentifier>{2AC788B4-1694-E3BF-3FAD-D1672BD9184E}</UniqueIdentifier>
    </Filter>
    <Filter Include="Platform\DirectX">
      <UniqueIdentifier>{EC338E64-D82C-ADB6-015F-923BEDB68CC2}</UniqueIdentifier>
    </Filter>
    <Filter Include="Platform\Windows">
      <UniqueIdentifier>{64FBD71A-50F4-F66C-7926-DCF1657ED678}</UniqueIdentifier>
    </Filter>
  </ItemGroup>
  <ItemGroup>
    <ClInclude Include="src\Aurora.h" />
    <ClInclude Include="src\Aurora\Application.h">
      <Filter>Aurora</Filter>
    </ClInclude>
    <ClInclude Include="src\Aurora\AuroraMath.h">
      <Filter>Aurora</Filter>
    </ClInclude>
    <ClInclude Include="src\Aurora\Core.h">
      <Filter>Aurora</Filter>
    </ClInclude>
    <ClInclude Include="src\Aurora\Core\AuTimer.h">
      <Filter>Aurora\Core</Filter>
    </ClInclude>
    <ClInclude Include="src\Aurora\EntryPoint.h">
      <Filter>Aurora</Filter>
    </ClInclude>
    <ClInclude Include="src\Aurora\Events\ApplicationEvents.h">
      <Filter>Aurora\Events</Filter>
    </ClInclude>
    <ClInclude Include="src\Aurora\Events\Events.h">
      <Filter>Aurora\Events</Filter>
    </ClInclude>
    <ClInclude Include="src\Aurora\Events\KeyboardEvents.h">
      <Filter>Aurora\Events</Filter>
    </ClInclude>
    <ClInclude Include="src\Aurora\Events\MouseEvents.h">
      <Filter>Aurora\Events</Filter>
    </ClInclude>
    <ClInclude Include="src\Aurora\Imgui\ImguiLayer.h">
      <Filter>Aurora\Imgui</Filter>
    </ClInclude>
    <ClInclude Include="src\Aurora\Layer.h">
      <Filter>Aurora</Filter>
    </ClInclude>
    <ClInclude Include="src\Aurora\LayerStack.h">
      <Filter>Aurora</Filter>
    </ClInclude>
    <ClInclude Include="src\Aurora\Log.h">
      <Filter>Aurora</Filter>
    </ClInclude>
    <ClInclude Include="src\Aurora\Renderer\Bindable.h">
      <Filter>Aurora\Renderer</Filter>
    </ClInclude>
    <ClInclude Include="src\Aurora\Renderer\BindableBase.h">
      <Filter>Aurora\Renderer</Filter>
    </ClInclude>
    <ClInclude Include="src\Aurora\Renderer\ConstantBuffers.h">
      <Filter>Aurora\Renderer</Filter>
    </ClInclude>
    <ClInclude Include="src\Aurora\Renderer\Drawables\Box.h">
      <Filter>Aurora\Renderer\Drawables</Filter>
    </ClInclude>
    <ClInclude Include="src\Aurora\Renderer\Drawables\Drawable.h">
      <Filter>Aurora\Renderer\Drawables</Filter>
    </ClInclude>
    <ClInclude Include="src\Aurora\Renderer\Drawables\DrawableBase.h">
      <Filter>Aurora\Renderer\Drawables</Filter>
    </ClInclude>
    <ClInclude Include="src\Aurora\Renderer\Drawables\Melon.h">
      <Filter>Aurora\Renderer\Drawables</Filter>
    </ClInclude>
    <ClInclude Include="src\Aurora\Renderer\Drawables\Pyramid.h">
      <Filter>Aurora\Renderer\Drawables</Filter>
    </ClInclude>
    <ClInclude Include="src\Aurora\Renderer\Drawables\Sheet.h">
      <Filter>Aurora\Renderer\Drawables</Filter>
    </ClInclude>
    <ClInclude Include="src\Aurora\Renderer\Drawables\SkinnedBox.h">
      <Filter>Aurora\Renderer\Drawables</Filter>
    </ClInclude>
    <ClInclude Include="src\Aurora\Renderer\Geometry\Cone.h">
      <Filter>Aurora\Renderer\Geometry</Filter>
    </ClInclude>
    <ClInclude Include="src\Aurora\Renderer\Geometry\Cube.h">
      <Filter>Aurora\Renderer\Geometry</Filter>
    </ClInclude>
    <ClInclude Include="src\Aurora\Renderer\Geometry\IndexedTriangleList.h">
      <Filter>Aurora\Renderer\Geometry</Filter>
    </ClInclude>
    <ClInclude Include="src\Aurora\Renderer\Geometry\Plane.h">
      <Filter>Aurora\Renderer\Geometry</Filter>
    </ClInclude>
    <ClInclude Include="src\Aurora\Renderer\Geometry\Prism.h">
      <Filter>Aurora\Renderer\Geometry</Filter>
    </ClInclude>
    <ClInclude Include="src\Aurora\Renderer\Geometry\Sphere.h">
      <Filter>Aurora\Renderer\Geometry</Filter>
    </ClInclude>
    <ClInclude Include="src\Aurora\Renderer\IndexBuffer.h">
      <Filter>Aurora\Renderer</Filter>
    </ClInclude>
    <ClInclude Include="src\Aurora\Renderer\InputLayout.h">
      <Filter>Aurora\Renderer</Filter>
    </ClInclude>
    <ClInclude Include="src\Aurora\Renderer\PixelShader.h">
      <Filter>Aurora\Renderer</Filter>
    </ClInclude>
    <ClInclude Include="src\Aurora\Renderer\Sampler.h">
      <Filter>Aurora\Renderer</Filter>
    </ClInclude>
    <ClInclude Include="src\Aurora\Renderer\Surface.h">
      <Filter>Aurora\Renderer</Filter>
    </ClInclude>
    <ClInclude Include="src\Aurora\Renderer\Texture.h">
      <Filter>Aurora\Renderer</Filter>
    </ClInclude>
    <ClInclude Include="src\Aurora\Renderer\Topology.h">
      <Filter>Aurora\Renderer</Filter>
    </ClInclude>
    <ClInclude Include="src\Aurora\Renderer\TransformCbuf.h">
      <Filter>Aurora\Renderer</Filter>
    </ClInclude>
    <ClInclude Include="src\Aurora\Renderer\VertexBuffer.h">
      <Filter>Aurora\Renderer</Filter>
    </ClInclude>
    <ClInclude Include="src\Aurora\Renderer\VertexShader.h">
      <Filter>Aurora\Renderer</Filter>
    </ClInclude>
    <ClInclude Include="src\Aurora\Utils\Convertors.h">
      <Filter>Aurora\Utils</Filter>
    </ClInclude>
    <ClInclude Include="src\Aurora\Window.h">
      <Filter>Aurora</Filter>
    </ClInclude>
    <ClInclude Include="src\Platform\Windows\AuroraException.h">
      <Filter>Platform\Windows</Filter>
    </ClInclude>
    <ClInclude Include="src\Platform\Windows\AuroraWin.h">
      <Filter>Platform\Windows</Filter>
    </ClInclude>
    <ClInclude Include="src\Platform\Windows\DXGetErrorDescription.inl">
      <Filter>Platform\Windows</Filter>
    </ClInclude>
    <ClInclude Include="src\Platform\Windows\DXGetErrorString.inl">
      <Filter>Platform\Windows</Filter>
    </ClInclude>
    <ClInclude Include="src\Platform\Windows\DXTrace.inl">
      <Filter>Platform\Windows</Filter>
    </ClInclude>
    <ClInclude Include="src\Platform\Windows\DxgiInfoManager.h">
      <Filter>Platform\Windows</Filter>
    </ClInclude>
    <ClInclude Include="src\Platform\Windows\Graphics.h">
      <Filter>Platform\Windows</Filter>
    </ClInclude>
    <ClInclude Include="src\Platform\Windows\GraphicsThrowMacros.h">
      <Filter>Platform\Windows</Filter>
    </ClInclude>
    <ClInclude Include="src\Platform\Windows\Keyboard.h">
      <Filter>Platform\Windows</Filter>
    </ClInclude>
    <ClInclude Include="src\Platform\Windows\Mouse.h">
      <Filter>Platform\Windows</Filter>
    </ClInclude>
    <ClInclude Include="src\Platform\Windows\Win32_Window.h">
      <Filter>Platform\Windows</Filter>
    </ClInclude>
    <ClInclude Include="src\Platform\Windows\WindowsThrowMacros.h">
      <Filter>Platform\Windows</Filter>
    </ClInclude>
    <ClInclude Include="src\Platform\Windows\WindowsWindow.h">
      <Filter>Platform\Windows</Filter>
    </ClInclude>
    <ClInclude Include="src\Platform\Windows\dxerr.h">
      <Filter>Platform\Windows</Filter>
    </ClInclude>
    <ClInclude Include="src\pch.h" />
    <ClInclude Include="src\Aurora\EditorLayer.h" />
  </ItemGroup>
  <ItemGroup>
    <ClCompile Include="src\Aurora\Application.cpp">
      <Filter>Aurora</Filter>
    </ClCompile>
    <ClCompile Include="src\Aurora\Core\AuTimer.cpp">
      <Filter>Aurora\Core</Filter>
    </ClCompile>
    <ClCompile Include="src\Aurora\Imgui\ImguiLayer.cpp">
      <Filter>Aurora\Imgui</Filter>
    </ClCompile>
    <ClCompile Include="src\Aurora\Layer.cpp">
      <Filter>Aurora</Filter>
    </ClCompile>
    <ClCompile Include="src\Aurora\LayerStack.cpp">
      <Filter>Aurora</Filter>
    </ClCompile>
    <ClCompile Include="src\Aurora\Log.cpp">
      <Filter>Aurora</Filter>
    </ClCompile>
    <ClCompile Include="src\Aurora\Renderer\Bindable.cpp">
      <Filter>Aurora\Renderer</Filter>
    </ClCompile>
    <ClCompile Include="src\Aurora\Renderer\Drawables\Box.cpp">
      <Filter>Aurora\Renderer\Drawables</Filter>
    </ClCompile>
    <ClCompile Include="src\Aurora\Renderer\Drawables\Drawable.cpp">
      <Filter>Aurora\Renderer\Drawables</Filter>
    </ClCompile>
    <ClCompile Include="src\Aurora\Renderer\Drawables\Melon.cpp">
      <Filter>Aurora\Renderer\Drawables</Filter>
    </ClCompile>
    <ClCompile Include="src\Aurora\Renderer\Drawables\Pyramid.cpp">
      <Filter>Aurora\Renderer\Drawables</Filter>
    </ClCompile>
    <ClCompile Include="src\Aurora\Renderer\Drawables\Sheet.cpp">
      <Filter>Aurora\Renderer\Drawables</Filter>
    </ClCompile>
    <ClCompile Include="src\Aurora\Renderer\Drawables\SkinnedBox.cpp">
      <Filter>Aurora\Renderer\Drawables</Filter>
    </ClCompile>
    <ClCompile Include="src\Aurora\Renderer\IndexBuffer.cpp">
      <Filter>Aurora\Renderer</Filter>
    </ClCompile>
    <ClCompile Include="src\Aurora\Renderer\InputLayout.cpp">
      <Filter>Aurora\Renderer</Filter>
    </ClCompile>
    <ClCompile Include="src\Aurora\Renderer\PixelShader.cpp">
      <Filter>Aurora\Renderer</Filter>
    </ClCompile>
    <ClCompile Include="src\Aurora\Renderer\Sampler.cpp">
      <Filter>Aurora\Renderer</Filter>
    </ClCompile>
    <ClCompile Include="src\Aurora\Renderer\Surface.cpp">
      <Filter>Aurora\Renderer</Filter>
    </ClCompile>
    <ClCompile Include="src\Aurora\Renderer\Texture.cpp">
      <Filter>Aurora\Renderer</Filter>
    </ClCompile>
    <ClCompile Include="src\Aurora\Renderer\Topology.cpp">
      <Filter>Aurora\Renderer</Filter>
    </ClCompile>
    <ClCompile Include="src\Aurora\Renderer\TransformCbuf.cpp">
      <Filter>Aurora\Renderer</Filter>
    </ClCompile>
    <ClCompile Include="src\Aurora\Renderer\VertexBuffer.cpp">
      <Filter>Aurora\Renderer</Filter>
    </ClCompile>
    <ClCompile Include="src\Aurora\Renderer\VertexShader.cpp">
      <Filter>Aurora\Renderer</Filter>
    </ClCompile>
    <ClCompile Include="src\Aurora\Utils\Convertors.cpp">
      <Filter>Aurora\Utils</Filter>
    </ClCompile>
    <ClCompile Include="src\Platform\Windows\AuroraException.cpp">
      <Filter>Platform\Windows</Filter>
    </ClCompile>
    <ClCompile Include="src\Platform\Windows\DxgiInfoManager.cpp">
      <Filter>Platform\Windows</Filter>
    </ClCompile>
    <ClCompile Include="src\Platform\Windows\Graphics.cpp">
      <Filter>Platform\Windows</Filter>
    </ClCompile>
    <ClCompile Include="src\Platform\Windows\Keyboard.cpp">
      <Filter>Platform\Windows</Filter>
    </ClCompile>
    <ClCompile Include="src\Platform\Windows\Mouse.cpp">
      <Filter>Platform\Windows</Filter>
    </ClCompile>
    <ClCompile Include="src\Platform\Windows\Win32_Window.cpp">
      <Filter>Platform\Windows</Filter>
    </ClCompile>
    <ClCompile Include="src\Platform\Windows\WindowsWindow.cpp">
      <Filter>Platform\Windows</Filter>
    </ClCompile>
    <ClCompile Include="src\Platform\Windows\dxerr.cpp">
      <Filter>Platform\Windows</Filter>
    </ClCompile>
    <ClCompile Include="src\pch.cpp" />
    <ClCompile Include="src\Aurora\Imgui\Imguibulid.cpp" />
    <ClCompile Include="src\Aurora\EditorLayer.cpp" />
  </ItemGroup>
  <ItemGroup>
    <FxCompile Include="src\Aurora\shaders\ColorBlendPS.hlsl">
      <Filter>Aurora\shaders</Filter>
    </FxCompile>
    <FxCompile Include="src\Aurora\shaders\ColorBlendVS.hlsl">
      <Filter>Aurora\shaders</Filter>
    </FxCompile>
    <FxCompile Include="src\Aurora\shaders\ColorIndexPS.hlsl">
      <Filter>Aurora\shaders</Filter>
    </FxCompile>
    <FxCompile Include="src\Aurora\shaders\ColorIndexVS.hlsl">
      <Filter>Aurora\shaders</Filter>
    </FxCompile>
    <FxCompile Include="src\Aurora\shaders\TexturePS.hlsl">
      <Filter>Aurora\shaders</Filter>
    </FxCompile>
    <FxCompile Include="src\Aurora\shaders\TextureVS.hlsl">
      <Filter>Aurora\shaders</Filter>
    </FxCompile>
  </ItemGroup>
</Project>